// !$*UTF8*$!
{
	archiveVersion = 1;
	classes = {
	};
	objectVersion = 55;
	objects = {

/* Begin PBXBuildFile section */
		604DDEF8B638FA19716FB114 /* Pods_ArtWorkSaveApp.framework in Frameworks */ = {isa = PBXBuildFile; fileRef = 4DCC631AAFC3375A34FB1B01 /* Pods_ArtWorkSaveApp.framework */; };
		955195DB278055CC000EF9E0 /* AppDelegate.swift in Sources */ = {isa = PBXBuildFile; fileRef = 955195DA278055CC000EF9E0 /* AppDelegate.swift */; };
		955195DD278055CC000EF9E0 /* SceneDelegate.swift in Sources */ = {isa = PBXBuildFile; fileRef = 955195DC278055CC000EF9E0 /* SceneDelegate.swift */; };
		955195DF278055CC000EF9E0 /* SearchViewController.swift in Sources */ = {isa = PBXBuildFile; fileRef = 955195DE278055CC000EF9E0 /* SearchViewController.swift */; };
		955195E2278055CC000EF9E0 /* Main.storyboard in Resources */ = {isa = PBXBuildFile; fileRef = 955195E0278055CC000EF9E0 /* Main.storyboard */; };
		955195E4278055CD000EF9E0 /* Assets.xcassets in Resources */ = {isa = PBXBuildFile; fileRef = 955195E3278055CD000EF9E0 /* Assets.xcassets */; };
		955195E7278055CD000EF9E0 /* LaunchScreen.storyboard in Resources */ = {isa = PBXBuildFile; fileRef = 955195E5278055CD000EF9E0 /* LaunchScreen.storyboard */; };
		955696E427806D0E0009E8F5 /* MusicModel.swift in Sources */ = {isa = PBXBuildFile; fileRef = 955696E327806D0E0009E8F5 /* MusicModel.swift */; };
		955696E627806FBC0009E8F5 /* MusicAnalytics.swift in Sources */ = {isa = PBXBuildFile; fileRef = 955696E527806FBC0009E8F5 /* MusicAnalytics.swift */; };
		95B4136A2780575B00C6D76E /* MusicDataViewController.swift in Sources */ = {isa = PBXBuildFile; fileRef = 95B413692780575B00C6D76E /* MusicDataViewController.swift */; };
/* End PBXBuildFile section */

/* Begin PBXFileReference section */
		4DCC631AAFC3375A34FB1B01 /* Pods_ArtWorkSaveApp.framework */ = {isa = PBXFileReference; explicitFileType = wrapper.framework; includeInIndex = 0; path = Pods_ArtWorkSaveApp.framework; sourceTree = BUILT_PRODUCTS_DIR; };
		795D78D6277E7357D28D0D27 /* Pods-ArtWorkSaveApp.release.xcconfig */ = {isa = PBXFileReference; includeInIndex = 1; lastKnownFileType = text.xcconfig; name = "Pods-ArtWorkSaveApp.release.xcconfig"; path = "Target Support Files/Pods-ArtWorkSaveApp/Pods-ArtWorkSaveApp.release.xcconfig"; sourceTree = "<group>"; };
		955195D7278055CC000EF9E0 /* ArtWorkSaveApp.app */ = {isa = PBXFileReference; explicitFileType = wrapper.application; includeInIndex = 0; path = ArtWorkSaveApp.app; sourceTree = BUILT_PRODUCTS_DIR; };
		955195DA278055CC000EF9E0 /* AppDelegate.swift */ = {isa = PBXFileReference; lastKnownFileType = sourcecode.swift; path = AppDelegate.swift; sourceTree = "<group>"; };
		955195DC278055CC000EF9E0 /* SceneDelegate.swift */ = {isa = PBXFileReference; lastKnownFileType = sourcecode.swift; path = SceneDelegate.swift; sourceTree = "<group>"; };
		955195DE278055CC000EF9E0 /* SearchViewController.swift */ = {isa = PBXFileReference; lastKnownFileType = sourcecode.swift; path = SearchViewController.swift; sourceTree = "<group>"; };
		955195E1278055CC000EF9E0 /* Base */ = {isa = PBXFileReference; lastKnownFileType = file.storyboard; name = Base; path = Base.lproj/Main.storyboard; sourceTree = "<group>"; };
		955195E3278055CD000EF9E0 /* Assets.xcassets */ = {isa = PBXFileReference; lastKnownFileType = folder.assetcatalog; path = Assets.xcassets; sourceTree = "<group>"; };
		955195E6278055CD000EF9E0 /* Base */ = {isa = PBXFileReference; lastKnownFileType = file.storyboard; name = Base; path = Base.lproj/LaunchScreen.storyboard; sourceTree = "<group>"; };
		955195E8278055CD000EF9E0 /* Info.plist */ = {isa = PBXFileReference; lastKnownFileType = text.plist.xml; path = Info.plist; sourceTree = "<group>"; };
		955696E327806D0E0009E8F5 /* MusicModel.swift */ = {isa = PBXFileReference; lastKnownFileType = sourcecode.swift; path = MusicModel.swift; sourceTree = "<group>"; };
		955696E527806FBC0009E8F5 /* MusicAnalytics.swift */ = {isa = PBXFileReference; lastKnownFileType = sourcecode.swift; path = MusicAnalytics.swift; sourceTree = "<group>"; };
		95B413692780575B00C6D76E /* MusicDataViewController.swift */ = {isa = PBXFileReference; lastKnownFileType = sourcecode.swift; path = MusicDataViewController.swift; sourceTree = "<group>"; };
		F57A04E33BA830E78CA5324F /* Pods-ArtWorkSaveApp.debug.xcconfig */ = {isa = PBXFileReference; includeInIndex = 1; lastKnownFileType = text.xcconfig; name = "Pods-ArtWorkSaveApp.debug.xcconfig"; path = "Target Support Files/Pods-ArtWorkSaveApp/Pods-ArtWorkSaveApp.debug.xcconfig"; sourceTree = "<group>"; };
/* End PBXFileReference section */

/* Begin PBXFrameworksBuildPhase section */
		955195D4278055CC000EF9E0 /* Frameworks */ = {
			isa = PBXFrameworksBuildPhase;
			buildActionMask = 2147483647;
			files = (
				604DDEF8B638FA19716FB114 /* Pods_ArtWorkSaveApp.framework in Frameworks */,
			);
			runOnlyForDeploymentPostprocessing = 0;
		};
/* End PBXFrameworksBuildPhase section */

/* Begin PBXGroup section */
		725C81BFB9F26E08131866D1 /* Pods */ = {
			isa = PBXGroup;
			children = (
				F57A04E33BA830E78CA5324F /* Pods-ArtWorkSaveApp.debug.xcconfig */,
				795D78D6277E7357D28D0D27 /* Pods-ArtWorkSaveApp.release.xcconfig */,
			);
			path = Pods;
			sourceTree = "<group>";
		};
		955195CE278055CC000EF9E0 = {
			isa = PBXGroup;
			children = (
				955195D9278055CC000EF9E0 /* ArtWorkSaveApp */,
				955195D8278055CC000EF9E0 /* Products */,
				725C81BFB9F26E08131866D1 /* Pods */,
				D7D2E11004F1DB64A3A00A20 /* Frameworks */,
			);
			sourceTree = "<group>";
		};
		955195D8278055CC000EF9E0 /* Products */ = {
			isa = PBXGroup;
			children = (
				955195D7278055CC000EF9E0 /* ArtWorkSaveApp.app */,
			);
			name = Products;
			sourceTree = "<group>";
		};
		955195D9278055CC000EF9E0 /* ArtWorkSaveApp */ = {
			isa = PBXGroup;
			children = (
				955696E227806CEF0009E8F5 /* Model */,
				955696E127806CEB0009E8F5 /* View */,
				955696E027806CE00009E8F5 /* Controller */,
				955195DA278055CC000EF9E0 /* AppDelegate.swift */,
				955195DC278055CC000EF9E0 /* SceneDelegate.swift */,
				955195E3278055CD000EF9E0 /* Assets.xcassets */,
				955195E5278055CD000EF9E0 /* LaunchScreen.storyboard */,
				955195E8278055CD000EF9E0 /* Info.plist */,
			);
			path = ArtWorkSaveApp;
			sourceTree = "<group>";
		};
		955696E027806CE00009E8F5 /* Controller */ = {
			isa = PBXGroup;
			children = (
				95B413692780575B00C6D76E /* MusicDataViewController.swift */,
				955195DE278055CC000EF9E0 /* SearchViewController.swift */,
			);
			path = Controller;
			sourceTree = "<group>";
		};
		955696E127806CEB0009E8F5 /* View */ = {
			isa = PBXGroup;
			children = (
				955195E0278055CC000EF9E0 /* Main.storyboard */,
			);
			path = View;
			sourceTree = "<group>";
		};
		955696E227806CEF0009E8F5 /* Model */ = {
			isa = PBXGroup;
			children = (
				955696E327806D0E0009E8F5 /* MusicModel.swift */,
				955696E527806FBC0009E8F5 /* MusicAnalytics.swift */,
			);
			path = Model;
			sourceTree = "<group>";
		};
		D7D2E11004F1DB64A3A00A20 /* Frameworks */ = {
			isa = PBXGroup;
			children = (
				4DCC631AAFC3375A34FB1B01 /* Pods_ArtWorkSaveApp.framework */,
			);
			name = Frameworks;
			sourceTree = "<group>";
		};
/* End PBXGroup section */

/* Begin PBXNativeTarget section */
		955195D6278055CC000EF9E0 /* ArtWorkSaveApp */ = {
			isa = PBXNativeTarget;
			buildConfigurationList = 955195EB278055CD000EF9E0 /* Build configuration list for PBXNativeTarget "ArtWorkSaveApp" */;
			buildPhases = (
				B9DB4E8725B4E0A3659DB58F /* [CP] Check Pods Manifest.lock */,
				955195D3278055CC000EF9E0 /* Sources */,
				955195D4278055CC000EF9E0 /* Frameworks */,
				955195D5278055CC000EF9E0 /* Resources */,
				DF931987688DED884992E319 /* [CP] Embed Pods Frameworks */,
			);
			buildRules = (
			);
			dependencies = (
			);
			name = ArtWorkSaveApp;
			productName = ArtWorkSaveApp;
			productReference = 955195D7278055CC000EF9E0 /* ArtWorkSaveApp.app */;
			productType = "com.apple.product-type.application";
		};
/* End PBXNativeTarget section */

/* Begin PBXProject section */
		955195CF278055CC000EF9E0 /* Project object */ = {
			isa = PBXProject;
			attributes = {
				BuildIndependentTargetsInParallel = 1;
				LastSwiftUpdateCheck = 1320;
				LastUpgradeCheck = 1320;
				TargetAttributes = {
					955195D6278055CC000EF9E0 = {
						CreatedOnToolsVersion = 13.2.1;
					};
				};
			};
			buildConfigurationList = 955195D2278055CC000EF9E0 /* Build configuration list for PBXProject "ArtWorkSaveApp" */;
			compatibilityVersion = "Xcode 13.0";
			developmentRegion = en;
			hasScannedForEncodings = 0;
			knownRegions = (
				en,
				Base,
			);
			mainGroup = 955195CE278055CC000EF9E0;
			productRefGroup = 955195D8278055CC000EF9E0 /* Products */;
			projectDirPath = "";
			projectRoot = "";
			targets = (
				955195D6278055CC000EF9E0 /* ArtWorkSaveApp */,
			);
		};
/* End PBXProject section */

/* Begin PBXResourcesBuildPhase section */
		955195D5278055CC000EF9E0 /* Resources */ = {
			isa = PBXResourcesBuildPhase;
			buildActionMask = 2147483647;
			files = (
				955195E7278055CD000EF9E0 /* LaunchScreen.storyboard in Resources */,
				955195E4278055CD000EF9E0 /* Assets.xcassets in Resources */,
				955195E2278055CC000EF9E0 /* Main.storyboard in Resources */,
			);
			runOnlyForDeploymentPostprocessing = 0;
		};
/* End PBXResourcesBuildPhase section */

/* Begin PBXShellScriptBuildPhase section */
		B9DB4E8725B4E0A3659DB58F /* [CP] Check Pods Manifest.lock */ = {
			isa = PBXShellScriptBuildPhase;
			buildActionMask = 2147483647;
			files = (
			);
			inputFileListPaths = (
			);
			inputPaths = (
				"${PODS_PODFILE_DIR_PATH}/Podfile.lock",
				"${PODS_ROOT}/Manifest.lock",
			);
			name = "[CP] Check Pods Manifest.lock";
			outputFileListPaths = (
			);
			outputPaths = (
				"$(DERIVED_FILE_DIR)/Pods-ArtWorkSaveApp-checkManifestLockResult.txt",
			);
			runOnlyForDeploymentPostprocessing = 0;
			shellPath = /bin/sh;
			shellScript = "diff \"${PODS_PODFILE_DIR_PATH}/Podfile.lock\" \"${PODS_ROOT}/Manifest.lock\" > /dev/null\nif [ $? != 0 ] ; then\n    # print error to STDERR\n    echo \"error: The sandbox is not in sync with the Podfile.lock. Run 'pod install' or update your CocoaPods installation.\" >&2\n    exit 1\nfi\n# This output is used by Xcode 'outputs' to avoid re-running this script phase.\necho \"SUCCESS\" > \"${SCRIPT_OUTPUT_FILE_0}\"\n";
			showEnvVarsInLog = 0;
		};
		DF931987688DED884992E319 /* [CP] Embed Pods Frameworks */ = {
			isa = PBXShellScriptBuildPhase;
			buildActionMask = 2147483647;
			files = (
			);
			inputFileListPaths = (
				"${PODS_ROOT}/Target Support Files/Pods-ArtWorkSaveApp/Pods-ArtWorkSaveApp-frameworks-${CONFIGURATION}-input-files.xcfilelist",
			);
			name = "[CP] Embed Pods Frameworks";
			outputFileListPaths = (
				"${PODS_ROOT}/Target Support Files/Pods-ArtWorkSaveApp/Pods-ArtWorkSaveApp-frameworks-${CONFIGURATION}-output-files.xcfilelist",
			);
			runOnlyForDeploymentPostprocessing = 0;
			shellPath = /bin/sh;
			shellScript = "\"${PODS_ROOT}/Target Support Files/Pods-ArtWorkSaveApp/Pods-ArtWorkSaveApp-frameworks.sh\"\n";
			showEnvVarsInLog = 0;
		};
/* End PBXShellScriptBuildPhase section */

/* Begin PBXSourcesBuildPhase section */
		955195D3278055CC000EF9E0 /* Sources */ = {
			isa = PBXSourcesBuildPhase;
			buildActionMask = 2147483647;
			files = (
				955696E627806FBC0009E8F5 /* MusicAnalytics.swift in Sources */,
				955195DF278055CC000EF9E0 /* SearchViewController.swift in Sources */,
				955195DB278055CC000EF9E0 /* AppDelegate.swift in Sources */,
				95B4136A2780575B00C6D76E /* MusicDataViewController.swift in Sources */,
				955696E427806D0E0009E8F5 /* MusicModel.swift in Sources */,
				955195DD278055CC000EF9E0 /* SceneDelegate.swift in Sources */,
			);
			runOnlyForDeploymentPostprocessing = 0;
		};
/* End PBXSourcesBuildPhase section */

/* Begin PBXVariantGroup section */
		955195E0278055CC000EF9E0 /* Main.storyboard */ = {
			isa = PBXVariantGroup;
			children = (
				955195E1278055CC000EF9E0 /* Base */,
			);
			name = Main.storyboard;
			sourceTree = "<group>";
		};
		955195E5278055CD000EF9E0 /* LaunchScreen.storyboard */ = {
			isa = PBXVariantGroup;
			children = (
				955195E6278055CD000EF9E0 /* Base */,
			);
			name = LaunchScreen.storyboard;
			sourceTree = "<group>";
		};
/* End PBXVariantGroup section */

/* Begin XCBuildConfiguration section */
		955195E9278055CD000EF9E0 /* Debug */ = {
			isa = XCBuildConfiguration;
			buildSettings = {
				ALWAYS_SEARCH_USER_PATHS = NO;
				CLANG_ANALYZER_NONNULL = YES;
				CLANG_ANALYZER_NUMBER_OBJECT_CONVERSION = YES_AGGRESSIVE;
				CLANG_CXX_LANGUAGE_STANDARD = "gnu++17";
				CLANG_CXX_LIBRARY = "libc++";
				CLANG_ENABLE_MODULES = YES;
				CLANG_ENABLE_OBJC_ARC = YES;
				CLANG_ENABLE_OBJC_WEAK = YES;
				CLANG_WARN_BLOCK_CAPTURE_AUTORELEASING = YES;
				CLANG_WARN_BOOL_CONVERSION = YES;
				CLANG_WARN_COMMA = YES;
				CLANG_WARN_CONSTANT_CONVERSION = YES;
				CLANG_WARN_DEPRECATED_OBJC_IMPLEMENTATIONS = YES;
				CLANG_WARN_DIRECT_OBJC_ISA_USAGE = YES_ERROR;
				CLANG_WARN_DOCUMENTATION_COMMENTS = YES;
				CLANG_WARN_EMPTY_BODY = YES;
				CLANG_WARN_ENUM_CONVERSION = YES;
				CLANG_WARN_INFINITE_RECURSION = YES;
				CLANG_WARN_INT_CONVERSION = YES;
				CLANG_WARN_NON_LITERAL_NULL_CONVERSION = YES;
				CLANG_WARN_OBJC_IMPLICIT_RETAIN_SELF = YES;
				CLANG_WARN_OBJC_LITERAL_CONVERSION = YES;
				CLANG_WARN_OBJC_ROOT_CLASS = YES_ERROR;
				CLANG_WARN_QUOTED_INCLUDE_IN_FRAMEWORK_HEADER = YES;
				CLANG_WARN_RANGE_LOOP_ANALYSIS = YES;
				CLANG_WARN_STRICT_PROTOTYPES = YES;
				CLANG_WARN_SUSPICIOUS_MOVE = YES;
				CLANG_WARN_UNGUARDED_AVAILABILITY = YES_AGGRESSIVE;
				CLANG_WARN_UNREACHABLE_CODE = YES;
				CLANG_WARN__DUPLICATE_METHOD_MATCH = YES;
				COPY_PHASE_STRIP = NO;
				DEBUG_INFORMATION_FORMAT = dwarf;
				ENABLE_STRICT_OBJC_MSGSEND = YES;
				ENABLE_TESTABILITY = YES;
				GCC_C_LANGUAGE_STANDARD = gnu11;
				GCC_DYNAMIC_NO_PIC = NO;
				GCC_NO_COMMON_BLOCKS = YES;
				GCC_OPTIMIZATION_LEVEL = 0;
				GCC_PREPROCESSOR_DEFINITIONS = (
					"DEBUG=1",
					"$(inherited)",
				);
				GCC_WARN_64_TO_32_BIT_CONVERSION = YES;
				GCC_WARN_ABOUT_RETURN_TYPE = YES_ERROR;
				GCC_WARN_UNDECLARED_SELECTOR = YES;
				GCC_WARN_UNINITIALIZED_AUTOS = YES_AGGRESSIVE;
				GCC_WARN_UNUSED_FUNCTION = YES;
				GCC_WARN_UNUSED_VARIABLE = YES;
				IPHONEOS_DEPLOYMENT_TARGET = 15.2;
				MTL_ENABLE_DEBUG_INFO = INCLUDE_SOURCE;
				MTL_FAST_MATH = YES;
				ONLY_ACTIVE_ARCH = YES;
				SDKROOT = iphoneos;
				SWIFT_ACTIVE_COMPILATION_CONDITIONS = DEBUG;
				SWIFT_OPTIMIZATION_LEVEL = "-Onone";
			};
			name = Debug;
		};
		955195EA278055CD000EF9E0 /* Release */ = {
			isa = XCBuildConfiguration;
			buildSettings = {
				ALWAYS_SEARCH_USER_PATHS = NO;
				CLANG_ANALYZER_NONNULL = YES;
				CLANG_ANALYZER_NUMBER_OBJECT_CONVERSION = YES_AGGRESSIVE;
				CLANG_CXX_LANGUAGE_STANDARD = "gnu++17";
				CLANG_CXX_LIBRARY = "libc++";
				CLANG_ENABLE_MODULES = YES;
				CLANG_ENABLE_OBJC_ARC = YES;
				CLANG_ENABLE_OBJC_WEAK = YES;
				CLANG_WARN_BLOCK_CAPTURE_AUTORELEASING = YES;
				CLANG_WARN_BOOL_CONVERSION = YES;
				CLANG_WARN_COMMA = YES;
				CLANG_WARN_CONSTANT_CONVERSION = YES;
				CLANG_WARN_DEPRECATED_OBJC_IMPLEMENTATIONS = YES;
				CLANG_WARN_DIRECT_OBJC_ISA_USAGE = YES_ERROR;
				CLANG_WARN_DOCUMENTATION_COMMENTS = YES;
				CLANG_WARN_EMPTY_BODY = YES;
				CLANG_WARN_ENUM_CONVERSION = YES;
				CLANG_WARN_INFINITE_RECURSION = YES;
				CLANG_WARN_INT_CONVERSION = YES;
				CLANG_WARN_NON_LITERAL_NULL_CONVERSION = YES;
				CLANG_WARN_OBJC_IMPLICIT_RETAIN_SELF = YES;
				CLANG_WARN_OBJC_LITERAL_CONVERSION = YES;
				CLANG_WARN_OBJC_ROOT_CLASS = YES_ERROR;
				CLANG_WARN_QUOTED_INCLUDE_IN_FRAMEWORK_HEADER = YES;
				CLANG_WARN_RANGE_LOOP_ANALYSIS = YES;
				CLANG_WARN_STRICT_PROTOTYPES = YES;
				CLANG_WARN_SUSPICIOUS_MOVE = YES;
				CLANG_WARN_UNGUARDED_AVAILABILITY = YES_AGGRESSIVE;
				CLANG_WARN_UNREACHABLE_CODE = YES;
				CLANG_WARN__DUPLICATE_METHOD_MATCH = YES;
				COPY_PHASE_STRIP = NO;
				DEBUG_INFORMATION_FORMAT = "dwarf-with-dsym";
				ENABLE_NS_ASSERTIONS = NO;
				ENABLE_STRICT_OBJC_MSGSEND = YES;
				GCC_C_LANGUAGE_STANDARD = gnu11;
				GCC_NO_COMMON_BLOCKS = YES;
				GCC_WARN_64_TO_32_BIT_CONVERSION = YES;
				GCC_WARN_ABOUT_RETURN_TYPE = YES_ERROR;
				GCC_WARN_UNDECLARED_SELECTOR = YES;
				GCC_WARN_UNINITIALIZED_AUTOS = YES_AGGRESSIVE;
				GCC_WARN_UNUSED_FUNCTION = YES;
				GCC_WARN_UNUSED_VARIABLE = YES;
				IPHONEOS_DEPLOYMENT_TARGET = 15.2;
				MTL_ENABLE_DEBUG_INFO = NO;
				MTL_FAST_MATH = YES;
				SDKROOT = iphoneos;
				SWIFT_COMPILATION_MODE = wholemodule;
				SWIFT_OPTIMIZATION_LEVEL = "-O";
				VALIDATE_PRODUCT = YES;
			};
			name = Release;
		};
		955195EC278055CD000EF9E0 /* Debug */ = {
			isa = XCBuildConfiguration;
			baseConfigurationReference = F57A04E33BA830E78CA5324F /* Pods-ArtWorkSaveApp.debug.xcconfig */;
			buildSettings = {
				ASSETCATALOG_COMPILER_APPICON_NAME = AppIcon;
				ASSETCATALOG_COMPILER_GLOBAL_ACCENT_COLOR_NAME = AccentColor;
				CODE_SIGN_STYLE = Automatic;
				CURRENT_PROJECT_VERSION = 1;
				DEVELOPMENT_TEAM = 7X9S244452;
				GENERATE_INFOPLIST_FILE = YES;
				INFOPLIST_FILE = ArtWorkSaveApp/Info.plist;
				INFOPLIST_KEY_UIApplicationSupportsIndirectInputEvents = YES;
				INFOPLIST_KEY_UILaunchStoryboardName = LaunchScreen;
				INFOPLIST_KEY_UIMainStoryboardFile = Main;
				INFOPLIST_KEY_UISupportedInterfaceOrientations_iPad = "UIInterfaceOrientationPortrait UIInterfaceOrientationPortraitUpsideDown UIInterfaceOrientationLandscapeLeft UIInterfaceOrientationLandscapeRight";
				INFOPLIST_KEY_UISupportedInterfaceOrientations_iPhone = "UIInterfaceOrientationPortrait UIInterfaceOrientationLandscapeLeft UIInterfaceOrientationLandscapeRight";
				LD_RUNPATH_SEARCH_PATHS = (
					"$(inherited)",
					"@executable_path/Frameworks",
				);
				MARKETING_VERSION = 1.0;
				PRODUCT_BUNDLE_IDENTIFIER = com.mkondo.ArtWorkSaveApp;
				PRODUCT_NAME = "$(TARGET_NAME)";
				SWIFT_EMIT_LOC_STRINGS = YES;
				SWIFT_VERSION = 5.0;
				TARGETED_DEVICE_FAMILY = 1;
			};
			name = Debug;
		};
		955195ED278055CD000EF9E0 /* Release */ = {
			isa = XCBuildConfiguration;
			baseConfigurationReference = 795D78D6277E7357D28D0D27 /* Pods-ArtWorkSaveApp.release.xcconfig */;
			buildSettings = {
				ASSETCATALOG_COMPILER_APPICON_NAME = AppIcon;
				ASSETCATALOG_COMPILER_GLOBAL_ACCENT_COLOR_NAME = AccentColor;
				CODE_SIGN_STYLE = Automatic;
				CURRENT_PROJECT_VERSION = 1;
				DEVELOPMENT_TEAM = 7X9S244452;
				GENERATE_INFOPLIST_FILE = YES;
				INFOPLIST_FILE = ArtWorkSaveApp/Info.plist;
				INFOPLIST_KEY_UIApplicationSupportsIndirectInputEvents = YES;
				INFOPLIST_KEY_UILaunchStoryboardName = LaunchScreen;
				INFOPLIST_KEY_UIMainStoryboardFile = Main;
				INFOPLIST_KEY_UISupportedInterfaceOrientations_iPad = "UIInterfaceOrientationPortrait UIInterfaceOrientationPortraitUpsideDown UIInterfaceOrientationLandscapeLeft UIInterfaceOrientationLandscapeRight";
				INFOPLIST_KEY_UISupportedInterfaceOrientations_iPhone = "UIInterfaceOrientationPortrait UIInterfaceOrientationLandscapeLeft UIInterfaceOrientationLandscapeRight";
				LD_RUNPATH_SEARCH_PATHS = (
					"$(inherited)",
					"@executable_path/Frameworks",
				);
				MARKETING_VERSION = 1.0;
				PRODUCT_BUNDLE_IDENTIFIER = com.mkondo.ArtWorkSaveApp;
				PRODUCT_NAME = "$(TARGET_NAME)";
				SWIFT_EMIT_LOC_STRINGS = YES;
				SWIFT_VERSION = 5.0;
				TARGETED_DEVICE_FAMILY = 1;
			};
			name = Release;
		};
/* End XCBuildConfiguration section */

/* Begin XCConfigurationList section */
		955195D2278055CC000EF9E0 /* Build configuration list for PBXProject "ArtWorkSaveApp" */ = {
			isa = XCConfigurationList;
			buildConfigurations = (
				955195E9278055CD000EF9E0 /* Debug */,
				955195EA278055CD000EF9E0 /* Release */,
			);
			defaultConfigurationIsVisible = 0;
			defaultConfigurationName = Release;
		};
		955195EB278055CD000EF9E0 /* Build configuration list for PBXNativeTarget "ArtWorkSaveApp" */ = {
			isa = XCConfigurationList;
			buildConfigurations = (
				955195EC278055CD000EF9E0 /* Debug */,
				955195ED278055CD000EF9E0 /* Release */,
			);
			defaultConfigurationIsVisible = 0;
			defaultConfigurationName = Release;
		};
/* End XCConfigurationList section */
	};
	rootObject = 955195CF278055CC000EF9E0 /* Project object */;
}
